{
	"name": "@hokify/node-ts-cache-redisio-storage",
	"version": "1.6.0",
	"lockfileVersion": 2,
	"requires": true,
	"packages": {
		"": {
			"name": "@hokify/node-ts-cache-redisio-storage",
			"version": "1.5.1",
			"license": "MIT",
			"dependencies": {
				"ioredis": "^4.27.10",
				"snappy": "^7.0.3"
			},
			"devDependencies": {
				"@types/ioredis": "^4.27.6",
				"ioredis-mock": "^5.6.0"
			}
		},
		"node_modules/@napi-rs/snappy-android-arm64": {
			"version": "7.0.3",
			"resolved": "https://registry.npmjs.org/@napi-rs/snappy-android-arm64/-/snappy-android-arm64-7.0.3.tgz",
			"integrity": "sha512-baB6dgYLs9cFzg3Ak15IBGko+0OqYdF4qyFnk2XQDEqZfYvi9gnRFft0Ev7GlHZRr7tCb2kuCFzSaM2uD0srFQ==",
			"cpu": [
				"arm64"
			],
			"optional": true,
			"os": [
				"android"
			],
			"engines": {
				"node": ">= 10"
			}
		},
		"node_modules/@napi-rs/snappy-darwin-arm64": {
			"version": "7.0.3",
			"resolved": "https://registry.npmjs.org/@napi-rs/snappy-darwin-arm64/-/snappy-darwin-arm64-7.0.3.tgz",
			"integrity": "sha512-Y/AEBVAHPisUnCqJZIq3y+1SlXa1Go6o4koB148qCVVO7mnEFxUa1UK3cqjFFkeUm/LA9PzmMK65RpY6tiDW1g==",
			"cpu": [
				"arm64"
			],
			"optional": true,
			"os": [
				"darwin"
			],
			"engines": {
				"node": ">= 10"
			}
		},
		"node_modules/@napi-rs/snappy-darwin-x64": {
			"version": "7.0.3",
			"resolved": "https://registry.npmjs.org/@napi-rs/snappy-darwin-x64/-/snappy-darwin-x64-7.0.3.tgz",
			"integrity": "sha512-E9pNkNn9cya3uuDXQfMfVyOJCi3S2pTqM07pUzUG+jGmOMCqh+Ou45kWtdu2Nk7xZo6c4+STdjoWCz64sKd5zg==",
			"cpu": [
				"x64"
			],
			"optional": true,
			"os": [
				"darwin"
			],
			"engines": {
				"node": ">= 10"
			}
		},
		"node_modules/@napi-rs/snappy-freebsd-x64": {
			"version": "7.0.3",
			"resolved": "https://registry.npmjs.org/@napi-rs/snappy-freebsd-x64/-/snappy-freebsd-x64-7.0.3.tgz",
			"integrity": "sha512-vln3FtfAYj0U6DgaGLZdNMUvoSYhuiGjQrpEAjZW+yL7ZiZ71foMhnAs81vbF87cGcNFsrsSbcIITwyJAxkstw==",
			"cpu": [
				"x64"
			],
			"optional": true,
			"os": [
				"freebsd"
			],
			"engines": {
				"node": ">= 10"
			}
		},
		"node_modules/@napi-rs/snappy-linux-arm-gnueabihf": {
			"version": "7.0.3",
			"resolved": "https://registry.npmjs.org/@napi-rs/snappy-linux-arm-gnueabihf/-/snappy-linux-arm-gnueabihf-7.0.3.tgz",
			"integrity": "sha512-5XjnMl4rFYLhQy9S5tmGnrx3AeFYRr6BrPXJUwdADH3KQf1vZmNv3Azf5XdQNFajVvr/TYFWc2iE0ePIwMyRZA==",
			"cpu": [
				"arm"
			],
			"optional": true,
			"os": [
				"linux"
			],
			"engines": {
				"node": ">= 10"
			}
		},
		"node_modules/@napi-rs/snappy-linux-arm64-gnu": {
			"version": "7.0.3",
			"resolved": "https://registry.npmjs.org/@napi-rs/snappy-linux-arm64-gnu/-/snappy-linux-arm64-gnu-7.0.3.tgz",
			"integrity": "sha512-naJEo0Ze1ZJN2Q0PsDAkEzkU1uw1rUhBrT64Z1qwBncHcLZeWbxnauSUbRpd4BnUjWkXlgnXDNWlbOksNWw8fw==",
			"cpu": [
				"arm64"
			],
			"optional": true,
			"os": [
				"linux"
			],
			"engines": {
				"node": ">= 10"
			}
		},
		"node_modules/@napi-rs/snappy-linux-arm64-musl": {
			"version": "7.0.3",
			"resolved": "https://registry.npmjs.org/@napi-rs/snappy-linux-arm64-musl/-/snappy-linux-arm64-musl-7.0.3.tgz",
			"integrity": "sha512-hXWy9Ch8EcH5rzUNLfc9BCbSdl/e64Qo9Gbd/sfH8q4zDZxMpt6aashOhN+dR5xTT4u4owb+o7hKznm3CbY3IA==",
			"cpu": [
				"arm64"
			],
			"optional": true,
			"os": [
				"linux"
			],
			"engines": {
				"node": ">= 10"
			}
		},
		"node_modules/@napi-rs/snappy-linux-x64-gnu": {
			"version": "7.0.3",
			"resolved": "https://registry.npmjs.org/@napi-rs/snappy-linux-x64-gnu/-/snappy-linux-x64-gnu-7.0.3.tgz",
			"integrity": "sha512-eryWLNVFOrRbg/X4J+C6DMJdOr8VSytD3ggVDt1Dg5usK0hV54NC6NogexaMCkzfkBhc60hZjbmHTWVG5OGcUg==",
			"cpu": [
				"x64"
			],
			"optional": true,
			"os": [
				"linux"
			],
			"engines": {
				"node": ">= 10"
			}
		},
		"node_modules/@napi-rs/snappy-linux-x64-musl": {
			"version": "7.0.3",
			"resolved": "https://registry.npmjs.org/@napi-rs/snappy-linux-x64-musl/-/snappy-linux-x64-musl-7.0.3.tgz",
			"integrity": "sha512-4ToZsd4pkyKHgBt2NZtFgKCHYf/d41SmnMZjx1j5gLaI8hp4pb0CT547vr15NCfE8P2WB3joXSoBTELXfDit7w==",
			"cpu": [
				"x64"
			],
			"optional": true,
			"os": [
				"linux"
			],
			"engines": {
				"node": ">= 10"
			}
		},
		"node_modules/@napi-rs/snappy-win32-arm64-msvc": {
			"version": "7.0.3",
			"resolved": "https://registry.npmjs.org/@napi-rs/snappy-win32-arm64-msvc/-/snappy-win32-arm64-msvc-7.0.3.tgz",
			"integrity": "sha512-QySoW2kEIz3DqVI3esnMNhcdl597anAlV8DFe4oFZpYlRMsLtHTwAuugRz9IJNWjeCyAYl67KnZg+yRmR7QskA==",
			"cpu": [
				"arm64"
			],
			"optional": true,
			"os": [
				"win32"
			],
			"engines": {
				"node": ">= 10"
			}
		},
		"node_modules/@napi-rs/snappy-win32-ia32-msvc": {
			"version": "7.0.3",
			"resolved": "https://registry.npmjs.org/@napi-rs/snappy-win32-ia32-msvc/-/snappy-win32-ia32-msvc-7.0.3.tgz",
			"integrity": "sha512-zpXbIszaEYae/ajwAOLDKLIQZq1/Q7oklgg+7c1zhWF6Eq6bLl0sg5DYbQmohbF9O6Y4e8EI3Af1crWxD1CwTg==",
			"cpu": [
				"ia32"
			],
			"optional": true,
			"os": [
				"win32"
			],
			"engines": {
				"node": ">= 10"
			}
		},
		"node_modules/@napi-rs/snappy-win32-x64-msvc": {
			"version": "7.0.3",
			"resolved": "https://registry.npmjs.org/@napi-rs/snappy-win32-x64-msvc/-/snappy-win32-x64-msvc-7.0.3.tgz",
			"integrity": "sha512-lF8HX9BAEut3Rge1szeZhnLgMlYiNBIUHEegbICtyE8jSQzTVs+tTZFpPROLv/HHYTddcMF6dQxasvi/Z1sUGg==",
			"cpu": [
				"x64"
			],
			"optional": true,
			"os": [
				"win32"
			],
			"engines": {
				"node": ">= 10"
			}
		},
		"node_modules/@napi-rs/triples": {
			"version": "1.0.3",
			"resolved": "https://registry.npmjs.org/@napi-rs/triples/-/triples-1.0.3.tgz",
			"integrity": "sha512-jDJTpta+P4p1NZTFVLHJ/TLFVYVcOqv6l8xwOeBKNPMgY/zDYH/YH7SJbvrr/h1RcS9GzbPcLKGzpuK9cV56UA=="
		},
		"node_modules/@node-rs/helper": {
			"version": "1.2.1",
			"resolved": "https://registry.npmjs.org/@node-rs/helper/-/helper-1.2.1.tgz",
			"integrity": "sha512-R5wEmm8nbuQU0YGGmYVjEc0OHtYsuXdpRG+Ut/3wZ9XAvQWyThN08bTh2cBJgoZxHQUPtvRfeQuxcAgLuiBISg==",
			"dependencies": {
				"@napi-rs/triples": "^1.0.3"
			}
		},
		"node_modules/@types/ioredis": {
			"version": "4.27.6",
			"resolved": "https://registry.npmjs.org/@types/ioredis/-/ioredis-4.27.6.tgz",
			"integrity": "sha512-3FeeDlVQ2sdbvU436XnZzOiDMMgFbKfIsiUF2BnJnH7xxqCbJ1teJwfcu9fLwnfmV0qH2W1Vg3jFrtOehNIkMA==",
			"dev": true,
			"dependencies": {
				"@types/node": "*"
			}
		},
		"node_modules/@types/node": {
			"version": "14.14.0",
			"resolved": "https://registry.npmjs.org/@types/node/-/node-14.14.0.tgz",
			"integrity": "sha512-BfbIHP9IapdupGhq/hc+jT5dyiBVZ2DdeC5WwJWQWDb0GijQlzUFAeIQn/2GtvZcd2HVUU7An8felIICFTC2qg==",
			"dev": true
		},
		"node_modules/cluster-key-slot": {
			"version": "1.1.0",
			"resolved": "https://registry.npmjs.org/cluster-key-slot/-/cluster-key-slot-1.1.0.tgz",
			"integrity": "sha512-2Nii8p3RwAPiFwsnZvukotvow2rIHM+yQ6ZcBXGHdniadkYGZYiGmkHJIbZPIV9nfv7m/U1IPMVVcAhoWFeklw==",
			"engines": {
				"node": ">=0.10.0"
			}
		},
		"node_modules/debug": {
			"version": "4.3.2",
			"resolved": "https://registry.npmjs.org/debug/-/debug-4.3.2.tgz",
			"integrity": "sha512-mOp8wKcvj7XxC78zLgw/ZA+6TSgkoE2C/ienthhRD298T7UNwAg9diBpLRxC0mOezLl4B0xV7M0cCO6P/O0Xhw==",
			"dependencies": {
				"ms": "2.1.2"
			},
			"engines": {
				"node": ">=6.0"
			},
			"peerDependenciesMeta": {
				"supports-color": {
					"optional": true
				}
			}
		},
		"node_modules/denque": {
			"version": "1.4.1",
			"resolved": "https://registry.npmjs.org/denque/-/denque-1.4.1.tgz",
			"integrity": "sha512-OfzPuSZKGcgr96rf1oODnfjqBFmr1DVoc/TrItj3Ohe0Ah1C5WX5Baquw/9U9KovnQ88EqmJbD66rKYUQYN1tQ==",
			"engines": {
				"node": ">=0.10"
			}
		},
		"node_modules/fengari": {
			"version": "0.1.4",
			"resolved": "https://registry.npmjs.org/fengari/-/fengari-0.1.4.tgz",
			"integrity": "sha512-6ujqUuiIYmcgkGz8MGAdERU57EIluGGPSUgGPTsco657EHa+srq0S3/YUl/r9kx1+D+d4rGfYObd+m8K22gB1g==",
			"dev": true,
			"dependencies": {
				"readline-sync": "^1.4.9",
				"sprintf-js": "^1.1.1",
				"tmp": "^0.0.33"
			}
		},
		"node_modules/fengari-interop": {
			"version": "0.1.2",
			"resolved": "https://registry.npmjs.org/fengari-interop/-/fengari-interop-0.1.2.tgz",
			"integrity": "sha512-8iTvaByZVoi+lQJhHH9vC+c/Yaok9CwOqNQZN6JrVpjmWwW4dDkeblBXhnHC+BoI6eF4Cy5NKW3z6ICEjvgywQ==",
			"dev": true
		},
		"node_modules/ioredis": {
			"version": "4.27.10",
			"resolved": "https://registry.npmjs.org/ioredis/-/ioredis-4.27.10.tgz",
			"integrity": "sha512-BtV2mEoZlhnW0EyxuK49V5iutLeZeJAYi/+Fuc4Q6DpDjq0cGMLODdS/+Kb5CHpT7v3YT6SK0vgJF6y0Ls4+Bg==",
			"dependencies": {
				"cluster-key-slot": "^1.1.0",
				"debug": "^4.3.1",
				"denque": "^1.1.0",
				"lodash.defaults": "^4.2.0",
				"lodash.flatten": "^4.4.0",
				"lodash.isarguments": "^3.1.0",
				"p-map": "^2.1.0",
				"redis-commands": "1.7.0",
				"redis-errors": "^1.2.0",
				"redis-parser": "^3.0.0",
				"standard-as-callback": "^2.1.0"
			},
			"engines": {
				"node": ">=6"
			},
			"funding": {
				"type": "opencollective",
				"url": "https://opencollective.com/ioredis"
			}
		},
		"node_modules/ioredis-mock": {
			"version": "5.6.0",
			"resolved": "https://registry.npmjs.org/ioredis-mock/-/ioredis-mock-5.6.0.tgz",
			"integrity": "sha512-Ow+tyKdijg/gA2gSEv7lq8dLp6bO7FnwDXbJ9as37NF23XNRGMLzBc7ITaqMydfrbTodWnLcE2lKEaBs7SBpyA==",
			"dev": true,
			"dependencies": {
				"fengari": "^0.1.4",
				"fengari-interop": "^0.1.2",
				"lodash": "^4.17.21",
				"standard-as-callback": "^2.1.0"
			},
			"engines": {
				"node": ">=10"
			},
			"peerDependencies": {
				"ioredis": "4.x",
				"redis-commands": "1.x"
			}
		},
		"node_modules/lodash": {
			"version": "4.17.21",
			"resolved": "https://registry.npmjs.org/lodash/-/lodash-4.17.21.tgz",
			"integrity": "sha512-v2kDEe57lecTulaDIuNTPy3Ry4gLGJ6Z1O3vE1krgXZNrsQ+LFTGHVxVjcXPs17LhbZVGedAJv8XZ1tvj5FvSg==",
			"dev": true
		},
		"node_modules/lodash.defaults": {
			"version": "4.2.0",
			"resolved": "https://registry.npmjs.org/lodash.defaults/-/lodash.defaults-4.2.0.tgz",
			"integrity": "sha1-0JF4cW/+pN3p5ft7N/bwgCJ0WAw="
		},
		"node_modules/lodash.flatten": {
			"version": "4.4.0",
			"resolved": "https://registry.npmjs.org/lodash.flatten/-/lodash.flatten-4.4.0.tgz",
			"integrity": "sha1-8xwiIlqWMtK7+OSt2+8kCqdlph8="
		},
		"node_modules/lodash.isarguments": {
			"version": "3.1.0",
			"resolved": "https://registry.npmjs.org/lodash.isarguments/-/lodash.isarguments-3.1.0.tgz",
			"integrity": "sha1-L1c9hcaiQon/AGY7SRwdM4/zRYo="
		},
		"node_modules/ms": {
			"version": "2.1.2",
			"resolved": "https://registry.npmjs.org/ms/-/ms-2.1.2.tgz",
			"integrity": "sha512-sGkPx+VjMtmA6MX27oA4FBFELFCZZ4S4XqeGOXCv68tT+jb3vk/RyaKWP0PTKyWtmLSM0b+adUTEvbs1PEaH2w=="
		},
		"node_modules/os-tmpdir": {
			"version": "1.0.2",
			"resolved": "https://registry.npmjs.org/os-tmpdir/-/os-tmpdir-1.0.2.tgz",
			"integrity": "sha1-u+Z0BseaqFxc/sdm/lc0VV36EnQ=",
			"dev": true,
			"engines": {
				"node": ">=0.10.0"
			}
		},
		"node_modules/p-map": {
			"version": "2.1.0",
			"resolved": "https://registry.npmjs.org/p-map/-/p-map-2.1.0.tgz",
			"integrity": "sha512-y3b8Kpd8OAN444hxfBbFfj1FY/RjtTd8tzYwhUqNYXx0fXx2iX4maP4Qr6qhIKbQXI02wTLAda4fYUbDagTUFw==",
			"engines": {
				"node": ">=6"
			}
		},
		"node_modules/readline-sync": {
			"version": "1.4.10",
			"resolved": "https://registry.npmjs.org/readline-sync/-/readline-sync-1.4.10.tgz",
			"integrity": "sha512-gNva8/6UAe8QYepIQH/jQ2qn91Qj0B9sYjMBBs3QOB8F2CXcKgLxQaJRP76sWVRQt+QU+8fAkCbCvjjMFu7Ycw==",
			"dev": true,
			"engines": {
				"node": ">= 0.8.0"
			}
		},
		"node_modules/redis-commands": {
			"version": "1.7.0",
			"resolved": "https://registry.npmjs.org/redis-commands/-/redis-commands-1.7.0.tgz",
			"integrity": "sha512-nJWqw3bTFy21hX/CPKHth6sfhZbdiHP6bTawSgQBlKOVRG7EZkfHbbHwQJnrE4vsQf0CMNE+3gJ4Fmm16vdVlQ=="
		},
		"node_modules/redis-errors": {
			"version": "1.2.0",
			"resolved": "https://registry.npmjs.org/redis-errors/-/redis-errors-1.2.0.tgz",
			"integrity": "sha1-62LSrbFeTq9GEMBK/hUpOEJQq60=",
			"engines": {
				"node": ">=4"
			}
		},
		"node_modules/redis-parser": {
			"version": "3.0.0",
			"resolved": "https://registry.npmjs.org/redis-parser/-/redis-parser-3.0.0.tgz",
			"integrity": "sha1-tm2CjNyv5rS4pCin3vTGvKwxyLQ=",
			"dependencies": {
				"redis-errors": "^1.0.0"
			},
			"engines": {
				"node": ">=4"
			}
		},
		"node_modules/snappy": {
			"version": "7.0.3",
			"resolved": "https://registry.npmjs.org/snappy/-/snappy-7.0.3.tgz",
			"integrity": "sha512-itSPtKlHoLmzr3tX2FI1kf+ao1mGky6TxE1LN7YrC+KrEyKEGzTXoweTPxuR/Ot0zIfGkWkKNxjGrCrWCL5uqQ==",
			"dependencies": {
				"@node-rs/helper": "^1.2.1"
			},
			"engines": {
				"node": ">= 10"
			},
			"funding": {
				"type": "github",
				"url": "https://github.com/sponsors/Brooooooklyn"
			},
			"optionalDependencies": {
				"@napi-rs/snappy-android-arm64": "^7.0.3",
				"@napi-rs/snappy-darwin-arm64": "^7.0.3",
				"@napi-rs/snappy-darwin-x64": "^7.0.3",
				"@napi-rs/snappy-freebsd-x64": "^7.0.3",
				"@napi-rs/snappy-linux-arm-gnueabihf": "^7.0.3",
				"@napi-rs/snappy-linux-arm64-gnu": "^7.0.3",
				"@napi-rs/snappy-linux-arm64-musl": "^7.0.3",
				"@napi-rs/snappy-linux-x64-gnu": "^7.0.3",
				"@napi-rs/snappy-linux-x64-musl": "^7.0.3",
				"@napi-rs/snappy-win32-arm64-msvc": "^7.0.3",
				"@napi-rs/snappy-win32-ia32-msvc": "^7.0.3",
				"@napi-rs/snappy-win32-x64-msvc": "^7.0.3"
			}
		},
		"node_modules/sprintf-js": {
			"version": "1.1.2",
			"resolved": "https://registry.npmjs.org/sprintf-js/-/sprintf-js-1.1.2.tgz",
			"integrity": "sha512-VE0SOVEHCk7Qc8ulkWw3ntAzXuqf7S2lvwQaDLRnUeIEaKNQJzV6BwmLKhOqT61aGhfUMrXeaBk+oDGCzvhcug==",
			"dev": true
		},
		"node_modules/standard-as-callback": {
			"version": "2.1.0",
			"resolved": "https://registry.npmjs.org/standard-as-callback/-/standard-as-callback-2.1.0.tgz",
			"integrity": "sha512-qoRRSyROncaz1z0mvYqIE4lCd9p2R90i6GxW3uZv5ucSu8tU7B5HXUP1gG8pVZsYNVaXjk8ClXHPttLyxAL48A=="
		},
		"node_modules/tmp": {
			"version": "0.0.33",
			"resolved": "https://registry.npmjs.org/tmp/-/tmp-0.0.33.tgz",
			"integrity": "sha512-jRCJlojKnZ3addtTOjdIqoRuPEKBvNXcGYqzO6zWZX8KfKEpnGY5jfggJQ3EjKuu8D4bJRr0y+cYJFmYbImXGw==",
			"dev": true,
			"dependencies": {
				"os-tmpdir": "~1.0.2"
			},
			"engines": {
				"node": ">=0.6.0"
			}
		}
	},
	"dependencies": {
		"@napi-rs/snappy-android-arm64": {
			"version": "7.0.3",
			"resolved": "https://registry.npmjs.org/@napi-rs/snappy-android-arm64/-/snappy-android-arm64-7.0.3.tgz",
			"integrity": "sha512-baB6dgYLs9cFzg3Ak15IBGko+0OqYdF4qyFnk2XQDEqZfYvi9gnRFft0Ev7GlHZRr7tCb2kuCFzSaM2uD0srFQ==",
			"optional": true
		},
		"@napi-rs/snappy-darwin-arm64": {
			"version": "7.0.3",
			"resolved": "https://registry.npmjs.org/@napi-rs/snappy-darwin-arm64/-/snappy-darwin-arm64-7.0.3.tgz",
			"integrity": "sha512-Y/AEBVAHPisUnCqJZIq3y+1SlXa1Go6o4koB148qCVVO7mnEFxUa1UK3cqjFFkeUm/LA9PzmMK65RpY6tiDW1g==",
			"optional": true
		},
		"@napi-rs/snappy-darwin-x64": {
			"version": "7.0.3",
			"resolved": "https://registry.npmjs.org/@napi-rs/snappy-darwin-x64/-/snappy-darwin-x64-7.0.3.tgz",
			"integrity": "sha512-E9pNkNn9cya3uuDXQfMfVyOJCi3S2pTqM07pUzUG+jGmOMCqh+Ou45kWtdu2Nk7xZo6c4+STdjoWCz64sKd5zg==",
			"optional": true
		},
		"@napi-rs/snappy-freebsd-x64": {
			"version": "7.0.3",
			"resolved": "https://registry.npmjs.org/@napi-rs/snappy-freebsd-x64/-/snappy-freebsd-x64-7.0.3.tgz",
			"integrity": "sha512-vln3FtfAYj0U6DgaGLZdNMUvoSYhuiGjQrpEAjZW+yL7ZiZ71foMhnAs81vbF87cGcNFsrsSbcIITwyJAxkstw==",
			"optional": true
		},
		"@napi-rs/snappy-linux-arm-gnueabihf": {
			"version": "7.0.3",
			"resolved": "https://registry.npmjs.org/@napi-rs/snappy-linux-arm-gnueabihf/-/snappy-linux-arm-gnueabihf-7.0.3.tgz",
			"integrity": "sha512-5XjnMl4rFYLhQy9S5tmGnrx3AeFYRr6BrPXJUwdADH3KQf1vZmNv3Azf5XdQNFajVvr/TYFWc2iE0ePIwMyRZA==",
			"optional": true
		},
		"@napi-rs/snappy-linux-arm64-gnu": {
			"version": "7.0.3",
			"resolved": "https://registry.npmjs.org/@napi-rs/snappy-linux-arm64-gnu/-/snappy-linux-arm64-gnu-7.0.3.tgz",
			"integrity": "sha512-naJEo0Ze1ZJN2Q0PsDAkEzkU1uw1rUhBrT64Z1qwBncHcLZeWbxnauSUbRpd4BnUjWkXlgnXDNWlbOksNWw8fw==",
			"optional": true
		},
		"@napi-rs/snappy-linux-arm64-musl": {
			"version": "7.0.3",
			"resolved": "https://registry.npmjs.org/@napi-rs/snappy-linux-arm64-musl/-/snappy-linux-arm64-musl-7.0.3.tgz",
			"integrity": "sha512-hXWy9Ch8EcH5rzUNLfc9BCbSdl/e64Qo9Gbd/sfH8q4zDZxMpt6aashOhN+dR5xTT4u4owb+o7hKznm3CbY3IA==",
			"optional": true
		},
		"@napi-rs/snappy-linux-x64-gnu": {
			"version": "7.0.3",
			"resolved": "https://registry.npmjs.org/@napi-rs/snappy-linux-x64-gnu/-/snappy-linux-x64-gnu-7.0.3.tgz",
			"integrity": "sha512-eryWLNVFOrRbg/X4J+C6DMJdOr8VSytD3ggVDt1Dg5usK0hV54NC6NogexaMCkzfkBhc60hZjbmHTWVG5OGcUg==",
			"optional": true
		},
		"@napi-rs/snappy-linux-x64-musl": {
			"version": "7.0.3",
			"resolved": "https://registry.npmjs.org/@napi-rs/snappy-linux-x64-musl/-/snappy-linux-x64-musl-7.0.3.tgz",
			"integrity": "sha512-4ToZsd4pkyKHgBt2NZtFgKCHYf/d41SmnMZjx1j5gLaI8hp4pb0CT547vr15NCfE8P2WB3joXSoBTELXfDit7w==",
			"optional": true
		},
		"@napi-rs/snappy-win32-arm64-msvc": {
			"version": "7.0.3",
			"resolved": "https://registry.npmjs.org/@napi-rs/snappy-win32-arm64-msvc/-/snappy-win32-arm64-msvc-7.0.3.tgz",
			"integrity": "sha512-QySoW2kEIz3DqVI3esnMNhcdl597anAlV8DFe4oFZpYlRMsLtHTwAuugRz9IJNWjeCyAYl67KnZg+yRmR7QskA==",
			"optional": true
		},
		"@napi-rs/snappy-win32-ia32-msvc": {
			"version": "7.0.3",
			"resolved": "https://registry.npmjs.org/@napi-rs/snappy-win32-ia32-msvc/-/snappy-win32-ia32-msvc-7.0.3.tgz",
			"integrity": "sha512-zpXbIszaEYae/ajwAOLDKLIQZq1/Q7oklgg+7c1zhWF6Eq6bLl0sg5DYbQmohbF9O6Y4e8EI3Af1crWxD1CwTg==",
			"optional": true
		},
		"@napi-rs/snappy-win32-x64-msvc": {
			"version": "7.0.3",
			"resolved": "https://registry.npmjs.org/@napi-rs/snappy-win32-x64-msvc/-/snappy-win32-x64-msvc-7.0.3.tgz",
			"integrity": "sha512-lF8HX9BAEut3Rge1szeZhnLgMlYiNBIUHEegbICtyE8jSQzTVs+tTZFpPROLv/HHYTddcMF6dQxasvi/Z1sUGg==",
			"optional": true
		},
		"@napi-rs/triples": {
			"version": "1.0.3",
			"resolved": "https://registry.npmjs.org/@napi-rs/triples/-/triples-1.0.3.tgz",
			"integrity": "sha512-jDJTpta+P4p1NZTFVLHJ/TLFVYVcOqv6l8xwOeBKNPMgY/zDYH/YH7SJbvrr/h1RcS9GzbPcLKGzpuK9cV56UA=="
		},
		"@node-rs/helper": {
			"version": "1.2.1",
			"resolved": "https://registry.npmjs.org/@node-rs/helper/-/helper-1.2.1.tgz",
			"integrity": "sha512-R5wEmm8nbuQU0YGGmYVjEc0OHtYsuXdpRG+Ut/3wZ9XAvQWyThN08bTh2cBJgoZxHQUPtvRfeQuxcAgLuiBISg==",
			"requires": {
				"@napi-rs/triples": "^1.0.3"
			}
		},
		"@types/ioredis": {
			"version": "4.27.6",
			"resolved": "https://registry.npmjs.org/@types/ioredis/-/ioredis-4.27.6.tgz",
			"integrity": "sha512-3FeeDlVQ2sdbvU436XnZzOiDMMgFbKfIsiUF2BnJnH7xxqCbJ1teJwfcu9fLwnfmV0qH2W1Vg3jFrtOehNIkMA==",
			"dev": true,
			"requires": {
				"@types/node": "*"
			}
		},
		"@types/node": {
			"version": "14.14.0",
			"resolved": "https://registry.npmjs.org/@types/node/-/node-14.14.0.tgz",
			"integrity": "sha512-BfbIHP9IapdupGhq/hc+jT5dyiBVZ2DdeC5WwJWQWDb0GijQlzUFAeIQn/2GtvZcd2HVUU7An8felIICFTC2qg==",
			"dev": true
		},
		"cluster-key-slot": {
			"version": "1.1.0",
			"resolved": "https://registry.npmjs.org/cluster-key-slot/-/cluster-key-slot-1.1.0.tgz",
			"integrity": "sha512-2Nii8p3RwAPiFwsnZvukotvow2rIHM+yQ6ZcBXGHdniadkYGZYiGmkHJIbZPIV9nfv7m/U1IPMVVcAhoWFeklw=="
		},
		"debug": {
			"version": "4.3.2",
			"resolved": "https://registry.npmjs.org/debug/-/debug-4.3.2.tgz",
			"integrity": "sha512-mOp8wKcvj7XxC78zLgw/ZA+6TSgkoE2C/ienthhRD298T7UNwAg9diBpLRxC0mOezLl4B0xV7M0cCO6P/O0Xhw==",
			"requires": {
				"ms": "2.1.2"
			}
		},
		"denque": {
			"version": "1.4.1",
			"resolved": "https://registry.npmjs.org/denque/-/denque-1.4.1.tgz",
			"integrity": "sha512-OfzPuSZKGcgr96rf1oODnfjqBFmr1DVoc/TrItj3Ohe0Ah1C5WX5Baquw/9U9KovnQ88EqmJbD66rKYUQYN1tQ=="
		},
		"fengari": {
			"version": "0.1.4",
			"resolved": "https://registry.npmjs.org/fengari/-/fengari-0.1.4.tgz",
			"integrity": "sha512-6ujqUuiIYmcgkGz8MGAdERU57EIluGGPSUgGPTsco657EHa+srq0S3/YUl/r9kx1+D+d4rGfYObd+m8K22gB1g==",
			"dev": true,
			"requires": {
				"readline-sync": "^1.4.9",
				"sprintf-js": "^1.1.1",
				"tmp": "^0.0.33"
			}
		},
		"fengari-interop": {
			"version": "0.1.2",
			"resolved": "https://registry.npmjs.org/fengari-interop/-/fengari-interop-0.1.2.tgz",
			"integrity": "sha512-8iTvaByZVoi+lQJhHH9vC+c/Yaok9CwOqNQZN6JrVpjmWwW4dDkeblBXhnHC+BoI6eF4Cy5NKW3z6ICEjvgywQ==",
			"dev": true
		},
		"ioredis": {
			"version": "4.27.10",
			"resolved": "https://registry.npmjs.org/ioredis/-/ioredis-4.27.10.tgz",
			"integrity": "sha512-BtV2mEoZlhnW0EyxuK49V5iutLeZeJAYi/+Fuc4Q6DpDjq0cGMLODdS/+Kb5CHpT7v3YT6SK0vgJF6y0Ls4+Bg==",
			"requires": {
				"cluster-key-slot": "^1.1.0",
				"debug": "^4.3.1",
				"denque": "^1.1.0",
				"lodash.defaults": "^4.2.0",
				"lodash.flatten": "^4.4.0",
				"lodash.isarguments": "^3.1.0",
				"p-map": "^2.1.0",
				"redis-commands": "1.7.0",
				"redis-errors": "^1.2.0",
				"redis-parser": "^3.0.0",
				"standard-as-callback": "^2.1.0"
			}
		},
		"ioredis-mock": {
			"version": "5.6.0",
			"resolved": "https://registry.npmjs.org/ioredis-mock/-/ioredis-mock-5.6.0.tgz",
			"integrity": "sha512-Ow+tyKdijg/gA2gSEv7lq8dLp6bO7FnwDXbJ9as37NF23XNRGMLzBc7ITaqMydfrbTodWnLcE2lKEaBs7SBpyA==",
			"dev": true,
			"requires": {
				"fengari": "^0.1.4",
				"fengari-interop": "^0.1.2",
				"lodash": "^4.17.21",
				"standard-as-callback": "^2.1.0"
			}
		},
		"lodash": {
			"version": "4.17.21",
			"resolved": "https://registry.npmjs.org/lodash/-/lodash-4.17.21.tgz",
			"integrity": "sha512-v2kDEe57lecTulaDIuNTPy3Ry4gLGJ6Z1O3vE1krgXZNrsQ+LFTGHVxVjcXPs17LhbZVGedAJv8XZ1tvj5FvSg==",
			"dev": true
		},
		"lodash.defaults": {
			"version": "4.2.0",
			"resolved": "https://registry.npmjs.org/lodash.defaults/-/lodash.defaults-4.2.0.tgz",
			"integrity": "sha1-0JF4cW/+pN3p5ft7N/bwgCJ0WAw="
		},
		"lodash.flatten": {
			"version": "4.4.0",
			"resolved": "https://registry.npmjs.org/lodash.flatten/-/lodash.flatten-4.4.0.tgz",
			"integrity": "sha1-8xwiIlqWMtK7+OSt2+8kCqdlph8="
		},
		"lodash.isarguments": {
			"version": "3.1.0",
			"resolved": "https://registry.npmjs.org/lodash.isarguments/-/lodash.isarguments-3.1.0.tgz",
			"integrity": "sha1-L1c9hcaiQon/AGY7SRwdM4/zRYo="
		},
		"ms": {
			"version": "2.1.2",
			"resolved": "https://registry.npmjs.org/ms/-/ms-2.1.2.tgz",
			"integrity": "sha512-sGkPx+VjMtmA6MX27oA4FBFELFCZZ4S4XqeGOXCv68tT+jb3vk/RyaKWP0PTKyWtmLSM0b+adUTEvbs1PEaH2w=="
		},
		"os-tmpdir": {
			"version": "1.0.2",
			"resolved": "https://registry.npmjs.org/os-tmpdir/-/os-tmpdir-1.0.2.tgz",
			"integrity": "sha1-u+Z0BseaqFxc/sdm/lc0VV36EnQ=",
			"dev": true
		},
		"p-map": {
			"version": "2.1.0",
			"resolved": "https://registry.npmjs.org/p-map/-/p-map-2.1.0.tgz",
			"integrity": "sha512-y3b8Kpd8OAN444hxfBbFfj1FY/RjtTd8tzYwhUqNYXx0fXx2iX4maP4Qr6qhIKbQXI02wTLAda4fYUbDagTUFw=="
		},
		"readline-sync": {
			"version": "1.4.10",
			"resolved": "https://registry.npmjs.org/readline-sync/-/readline-sync-1.4.10.tgz",
			"integrity": "sha512-gNva8/6UAe8QYepIQH/jQ2qn91Qj0B9sYjMBBs3QOB8F2CXcKgLxQaJRP76sWVRQt+QU+8fAkCbCvjjMFu7Ycw==",
			"dev": true
		},
		"redis-commands": {
			"version": "1.7.0",
			"resolved": "https://registry.npmjs.org/redis-commands/-/redis-commands-1.7.0.tgz",
			"integrity": "sha512-nJWqw3bTFy21hX/CPKHth6sfhZbdiHP6bTawSgQBlKOVRG7EZkfHbbHwQJnrE4vsQf0CMNE+3gJ4Fmm16vdVlQ=="
		},
		"redis-errors": {
			"version": "1.2.0",
			"resolved": "https://registry.npmjs.org/redis-errors/-/redis-errors-1.2.0.tgz",
			"integrity": "sha1-62LSrbFeTq9GEMBK/hUpOEJQq60="
		},
		"redis-parser": {
			"version": "3.0.0",
			"resolved": "https://registry.npmjs.org/redis-parser/-/redis-parser-3.0.0.tgz",
			"integrity": "sha1-tm2CjNyv5rS4pCin3vTGvKwxyLQ=",
			"requires": {
				"redis-errors": "^1.0.0"
			}
		},
		"snappy": {
			"version": "7.0.3",
			"resolved": "https://registry.npmjs.org/snappy/-/snappy-7.0.3.tgz",
			"integrity": "sha512-itSPtKlHoLmzr3tX2FI1kf+ao1mGky6TxE1LN7YrC+KrEyKEGzTXoweTPxuR/Ot0zIfGkWkKNxjGrCrWCL5uqQ==",
			"requires": {
				"@napi-rs/snappy-android-arm64": "^7.0.3",
				"@napi-rs/snappy-darwin-arm64": "^7.0.3",
				"@napi-rs/snappy-darwin-x64": "^7.0.3",
				"@napi-rs/snappy-freebsd-x64": "^7.0.3",
				"@napi-rs/snappy-linux-arm-gnueabihf": "^7.0.3",
				"@napi-rs/snappy-linux-arm64-gnu": "^7.0.3",
				"@napi-rs/snappy-linux-arm64-musl": "^7.0.3",
				"@napi-rs/snappy-linux-x64-gnu": "^7.0.3",
				"@napi-rs/snappy-linux-x64-musl": "^7.0.3",
				"@napi-rs/snappy-win32-arm64-msvc": "^7.0.3",
				"@napi-rs/snappy-win32-ia32-msvc": "^7.0.3",
				"@napi-rs/snappy-win32-x64-msvc": "^7.0.3",
				"@node-rs/helper": "^1.2.1"
			}
		},
		"sprintf-js": {
			"version": "1.1.2",
			"resolved": "https://registry.npmjs.org/sprintf-js/-/sprintf-js-1.1.2.tgz",
			"integrity": "sha512-VE0SOVEHCk7Qc8ulkWw3ntAzXuqf7S2lvwQaDLRnUeIEaKNQJzV6BwmLKhOqT61aGhfUMrXeaBk+oDGCzvhcug==",
			"dev": true
		},
		"standard-as-callback": {
			"version": "2.1.0",
			"resolved": "https://registry.npmjs.org/standard-as-callback/-/standard-as-callback-2.1.0.tgz",
			"integrity": "sha512-qoRRSyROncaz1z0mvYqIE4lCd9p2R90i6GxW3uZv5ucSu8tU7B5HXUP1gG8pVZsYNVaXjk8ClXHPttLyxAL48A=="
		},
		"tmp": {
			"version": "0.0.33",
			"resolved": "https://registry.npmjs.org/tmp/-/tmp-0.0.33.tgz",
			"integrity": "sha512-jRCJlojKnZ3addtTOjdIqoRuPEKBvNXcGYqzO6zWZX8KfKEpnGY5jfggJQ3EjKuu8D4bJRr0y+cYJFmYbImXGw==",
			"dev": true,
			"requires": {
				"os-tmpdir": "~1.0.2"
			}
		}
	}
}
